# This file is autogenerated, do not edit; changes may be undone by the next 'dep ensure'.


[[projects]]
  digest = "1:c3957c9c9dc7beb125fdc93c920957d0305fe66dc48712a600f8790ce9354254"
  name = "github.com/go-cmd/cmd"
  packages = ["."]
  pruneopts = "UT"
  revision = "db1a8287640cedff487674c2f4439805b58f42aa"
  version = "v1.0.4"

[solve-meta]
  analyzer-name = "dep"
  analyzer-version = 1
  input-imports = ["github.com/go-cmd/cmd"]
  solver-name = "gps-cdcl"
  solver-version = 1
